// !$*UTF8*$!
{
	archiveVersion = 1;
	classes = {
	};
	objectVersion = 50;
	objects = {

/* Begin PBXBuildFile section */
		803248C624D21DF7003E3D25 /* AppDelegate.swift in Sources */ = {isa = PBXBuildFile; fileRef = 803248C524D21DF7003E3D25 /* AppDelegate.swift */; };
		803248C824D21DF7003E3D25 /* SceneDelegate.swift in Sources */ = {isa = PBXBuildFile; fileRef = 803248C724D21DF7003E3D25 /* SceneDelegate.swift */; };
		803248CA24D21DF7003E3D25 /* ViewController.swift in Sources */ = {isa = PBXBuildFile; fileRef = 803248C924D21DF7003E3D25 /* ViewController.swift */; };
		803248CD24D21DF7003E3D25 /* Main.storyboard in Resources */ = {isa = PBXBuildFile; fileRef = 803248CB24D21DF7003E3D25 /* Main.storyboard */; };
		803248CF24D21DF8003E3D25 /* Assets.xcassets in Resources */ = {isa = PBXBuildFile; fileRef = 803248CE24D21DF8003E3D25 /* Assets.xcassets */; };
		803248D224D21DF8003E3D25 /* LaunchScreen.storyboard in Resources */ = {isa = PBXBuildFile; fileRef = 803248D024D21DF8003E3D25 /* LaunchScreen.storyboard */; };
		803248DA24D21FC6003E3D25 /* MapViewController.swift in Sources */ = {isa = PBXBuildFile; fileRef = 803248D924D21FC6003E3D25 /* MapViewController.swift */; };
		803248DE24D2200F003E3D25 /* Map.swift in Sources */ = {isa = PBXBuildFile; fileRef = 803248DD24D2200F003E3D25 /* Map.swift */; };
		803248E124D2206C003E3D25 /* MapKit.framework in Frameworks */ = {isa = PBXBuildFile; fileRef = 803248E024D2206C003E3D25 /* MapKit.framework */; };
		803248E324D22B4C003E3D25 /* MapDB.swift in Sources */ = {isa = PBXBuildFile; fileRef = 803248E224D22B4C003E3D25 /* MapDB.swift */; };
/* End PBXBuildFile section */

/* Begin PBXFileReference section */
		803248C224D21DF7003E3D25 /* MapApp.app */ = {isa = PBXFileReference; explicitFileType = wrapper.application; includeInIndex = 0; path = MapApp.app; sourceTree = BUILT_PRODUCTS_DIR; };
		803248C524D21DF7003E3D25 /* AppDelegate.swift */ = {isa = PBXFileReference; lastKnownFileType = sourcecode.swift; path = AppDelegate.swift; sourceTree = "<group>"; };
		803248C724D21DF7003E3D25 /* SceneDelegate.swift */ = {isa = PBXFileReference; lastKnownFileType = sourcecode.swift; path = SceneDelegate.swift; sourceTree = "<group>"; };
		803248C924D21DF7003E3D25 /* ViewController.swift */ = {isa = PBXFileReference; lastKnownFileType = sourcecode.swift; path = ViewController.swift; sourceTree = "<group>"; };
		803248CC24D21DF7003E3D25 /* Base */ = {isa = PBXFileReference; lastKnownFileType = file.storyboard; name = Base; path = Base.lproj/Main.storyboard; sourceTree = "<group>"; };
		803248CE24D21DF8003E3D25 /* Assets.xcassets */ = {isa = PBXFileReference; lastKnownFileType = folder.assetcatalog; path = Assets.xcassets; sourceTree = "<group>"; };
		803248D124D21DF8003E3D25 /* Base */ = {isa = PBXFileReference; lastKnownFileType = file.storyboard; name = Base; path = Base.lproj/LaunchScreen.storyboard; sourceTree = "<group>"; };
		803248D324D21DF8003E3D25 /* Info.plist */ = {isa = PBXFileReference; lastKnownFileType = text.plist.xml; path = Info.plist; sourceTree = "<group>"; };
		803248D924D21FC6003E3D25 /* MapViewController.swift */ = {isa = PBXFileReference; lastKnownFileType = sourcecode.swift; path = MapViewController.swift; sourceTree = "<group>"; };
		803248DD24D2200F003E3D25 /* Map.swift */ = {isa = PBXFileReference; lastKnownFileType = sourcecode.swift; path = Map.swift; sourceTree = "<group>"; };
		803248E024D2206C003E3D25 /* MapKit.framework */ = {isa = PBXFileReference; lastKnownFileType = wrapper.framework; name = MapKit.framework; path = System/Library/Frameworks/MapKit.framework; sourceTree = SDKROOT; };
		803248E224D22B4C003E3D25 /* MapDB.swift */ = {isa = PBXFileReference; lastKnownFileType = sourcecode.swift; path = MapDB.swift; sourceTree = "<group>"; };
/* End PBXFileReference section */

/* Begin PBXFrameworksBuildPhase section */
		803248BF24D21DF7003E3D25 /* Frameworks */ = {
			isa = PBXFrameworksBuildPhase;
			buildActionMask = 2147483647;
			files = (
				803248E124D2206C003E3D25 /* MapKit.framework in Frameworks */,
			);
			runOnlyForDeploymentPostprocessing = 0;
		};
/* End PBXFrameworksBuildPhase section */

/* Begin PBXGroup section */
		803248B924D21DF7003E3D25 = {
			isa = PBXGroup;
			children = (
				803248C424D21DF7003E3D25 /* MapApp */,
				803248C324D21DF7003E3D25 /* Products */,
				803248DF24D2206C003E3D25 /* Frameworks */,
			);
			sourceTree = "<group>";
		};
		803248C324D21DF7003E3D25 /* Products */ = {
			isa = PBXGroup;
			children = (
				803248C224D21DF7003E3D25 /* MapApp.app */,
			);
			name = Products;
			sourceTree = "<group>";
		};
		803248C424D21DF7003E3D25 /* MapApp */ = {
			isa = PBXGroup;
			children = (
				803248DC24D21FE0003E3D25 /* Views */,
				803248DB24D21FD9003E3D25 /* Models */,
				803248C524D21DF7003E3D25 /* AppDelegate.swift */,
				803248C724D21DF7003E3D25 /* SceneDelegate.swift */,
				803248CB24D21DF7003E3D25 /* Main.storyboard */,
				803248CE24D21DF8003E3D25 /* Assets.xcassets */,
				803248D024D21DF8003E3D25 /* LaunchScreen.storyboard */,
				803248D324D21DF8003E3D25 /* Info.plist */,
			);
			path = MapApp;
			sourceTree = "<group>";
		};
		803248DB24D21FD9003E3D25 /* Models */ = {
			isa = PBXGroup;
			children = (
				803248DD24D2200F003E3D25 /* Map.swift */,
				803248E224D22B4C003E3D25 /* MapDB.swift */,
			);
			path = Models;
			sourceTree = "<group>";
		};
		803248DC24D21FE0003E3D25 /* Views */ = {
			isa = PBXGroup;
			children = (
				803248C924D21DF7003E3D25 /* ViewController.swift */,
				803248D924D21FC6003E3D25 /* MapViewController.swift */,
			);
			path = Views;
			sourceTree = "<group>";
		};
		803248DF24D2206C003E3D25 /* Frameworks */ = {
			isa = PBXGroup;
			children = (
				803248E024D2206C003E3D25 /* MapKit.framework */,
			);
			name = Frameworks;
			sourceTree = "<group>";
		};
/* End PBXGroup section */

/* Begin PBXNativeTarget section */
		803248C124D21DF7003E3D25 /* MapApp */ = {
			isa = PBXNativeTarget;
			buildConfigurationList = 803248D624D21DF8003E3D25 /* Build configuration list for PBXNativeTarget "MapApp" */;
			buildPhases = (
				803248BE24D21DF7003E3D25 /* Sources */,
				803248BF24D21DF7003E3D25 /* Frameworks */,
				803248C024D21DF7003E3D25 /* Resources */,
			);
			buildRules = (
			);
			dependencies = (
			);
			name = MapApp;
			productName = MapApp;
			productReference = 803248C224D21DF7003E3D25 /* MapApp.app */;
			productType = "com.apple.product-type.application";
		};
/* End PBXNativeTarget section */

/* Begin PBXProject section */
		803248BA24D21DF7003E3D25 /* Project object */ = {
			isa = PBXProject;
			attributes = {
				LastSwiftUpdateCheck = 1150;
				LastUpgradeCheck = 1150;
				ORGANIZATIONNAME = "Saravia, Kevin";
				TargetAttributes = {
					803248C124D21DF7003E3D25 = {
						CreatedOnToolsVersion = 11.5;
					};
				};
			};
			buildConfigurationList = 803248BD24D21DF7003E3D25 /* Build configuration list for PBXProject "MapApp" */;
			compatibilityVersion = "Xcode 9.3";
			developmentRegion = en;
			hasScannedForEncodings = 0;
			knownRegions = (
				en,
				Base,
			);
			mainGroup = 803248B924D21DF7003E3D25;
			productRefGroup = 803248C324D21DF7003E3D25 /* Products */;
			projectDirPath = "";
			projectRoot = "";
			targets = (
				803248C124D21DF7003E3D25 /* MapApp */,
			);
		};
/* End PBXProject section */

/* Begin PBXResourcesBuildPhase section */
		803248C024D21DF7003E3D25 /* Resources */ = {
			isa = PBXResourcesBuildPhase;
			buildActionMask = 2147483647;
			files = (
				803248D224D21DF8003E3D25 /* LaunchScreen.storyboard in Resources */,
				803248CF24D21DF8003E3D25 /* Assets.xcassets in Resources */,
				803248CD24D21DF7003E3D25 /* Main.storyboard in Resources */,
			);
			runOnlyForDeploymentPostprocessing = 0;
		};
/* End PBXResourcesBuildPhase section */

/* Begin PBXSourcesBuildPhase section */
		803248BE24D21DF7003E3D25 /* Sources */ = {
			isa = PBXSourcesBuildPhase;
			buildActionMask = 2147483647;
			files = (
				803248E324D22B4C003E3D25 /* MapDB.swift in Sources */,
				803248DE24D2200F003E3D25 /* Map.swift in Sources */,
				803248CA24D21DF7003E3D25 /* ViewController.swift in Sources */,
				803248C624D21DF7003E3D25 /* AppDelegate.swift in Sources */,
				803248C824D21DF7003E3D25 /* SceneDelegate.swift in Sources */,
				803248DA24D21FC6003E3D25 /* MapViewController.swift in Sources */,
			);
			runOnlyForDeploymentPostprocessing = 0;
		};
/* End PBXSourcesBuildPhase section */

/* Begin PBXVariantGroup section */
		803248CB24D21DF7003E3D25 /* Main.storyboard */ = {
			isa = PBXVariantGroup;
			children = (
				803248CC24D21DF7003E3D25 /* Base */,
			);
			name = Main.storyboard;
			sourceTree = "<group>";
		};
		803248D024D21DF8003E3D25 /* LaunchScreen.storyboard */ = {
			isa = PBXVariantGroup;
			children = (
				803248D124D21DF8003E3D25 /* Base */,
			);
			name = LaunchScreen.storyboard;
			sourceTree = "<group>";
		};
/* End PBXVariantGroup section */

/* Begin XCBuildConfiguration section */
		803248D424D21DF8003E3D25 /* Debug */ = {
			isa = XCBuildConfiguration;
			buildSettings = {
				ALWAYS_SEARCH_USER_PATHS = NO;
				CLANG_ANALYZER_NONNULL = YES;
				CLANG_ANALYZER_NUMBER_OBJECT_CONVERSION = YES_AGGRESSIVE;
				CLANG_CXX_LANGUAGE_STANDARD = "gnu++14";
				CLANG_CXX_LIBRARY = "libc++";
				CLANG_ENABLE_MODULES = YES;
				CLANG_ENABLE_OBJC_ARC = YES;
				CLANG_ENABLE_OBJC_WEAK = YES;
				CLANG_WARN_BLOCK_CAPTURE_AUTORELEASING = YES;
				CLANG_WARN_BOOL_CONVERSION = YES;
				CLANG_WARN_COMMA = YES;
				CLANG_WARN_CONSTANT_CONVERSION = YES;
				CLANG_WARN_DEPRECATED_OBJC_IMPLEMENTATIONS = YES;
				CLANG_WARN_DIRECT_OBJC_ISA_USAGE = YES_ERROR;
				CLANG_WARN_DOCUMENTATION_COMMENTS = YES;
				CLANG_WARN_EMPTY_BODY = YES;
				CLANG_WARN_ENUM_CONVERSION = YES;
				CLANG_WARN_INFINITE_RECURSION = YES;
				CLANG_WARN_INT_CONVERSION = YES;
				CLANG_WARN_NON_LITERAL_NULL_CONVERSION = YES;
				CLANG_WARN_OBJC_IMPLICIT_RETAIN_SELF = YES;
				CLANG_WARN_OBJC_LITERAL_CONVERSION = YES;
				CLANG_WARN_OBJC_ROOT_CLASS = YES_ERROR;
				CLANG_WARN_RANGE_LOOP_ANALYSIS = YES;
				CLANG_WARN_STRICT_PROTOTYPES = YES;
				CLANG_WARN_SUSPICIOUS_MOVE = YES;
				CLANG_WARN_UNGUARDED_AVAILABILITY = YES_AGGRESSIVE;
				CLANG_WARN_UNREACHABLE_CODE = YES;
				CLANG_WARN__DUPLICATE_METHOD_MATCH = YES;
				COPY_PHASE_STRIP = NO;
				DEBUG_INFORMATION_FORMAT = dwarf;
				ENABLE_STRICT_OBJC_MSGSEND = YES;
				ENABLE_TESTABILITY = YES;
				GCC_C_LANGUAGE_STANDARD = gnu11;
				GCC_DYNAMIC_NO_PIC = NO;
				GCC_NO_COMMON_BLOCKS = YES;
				GCC_OPTIMIZATION_LEVEL = 0;
				GCC_PREPROCESSOR_DEFINITIONS = (
					"DEBUG=1",
					"$(inherited)",
				);
				GCC_WARN_64_TO_32_BIT_CONVERSION = YES;
				GCC_WARN_ABOUT_RETURN_TYPE = YES_ERROR;
				GCC_WARN_UNDECLARED_SELECTOR = YES;
				GCC_WARN_UNINITIALIZED_AUTOS = YES_AGGRESSIVE;
				GCC_WARN_UNUSED_FUNCTION = YES;
				GCC_WARN_UNUSED_VARIABLE = YES;
				IPHONEOS_DEPLOYMENT_TARGET = 13.5;
				MTL_ENABLE_DEBUG_INFO = INCLUDE_SOURCE;
				MTL_FAST_MATH = YES;
				ONLY_ACTIVE_ARCH = YES;
				SDKROOT = iphoneos;
				SWIFT_ACTIVE_COMPILATION_CONDITIONS = DEBUG;
				SWIFT_OPTIMIZATION_LEVEL = "-Onone";
			};
			name = Debug;
		};
		803248D524D21DF8003E3D25 /* Release */ = {
			isa = XCBuildConfiguration;
			buildSettings = {
				ALWAYS_SEARCH_USER_PATHS = NO;
				CLANG_ANALYZER_NONNULL = YES;
				CLANG_ANALYZER_NUMBER_OBJECT_CONVERSION = YES_AGGRESSIVE;
				CLANG_CXX_LANGUAGE_STANDARD = "gnu++14";
				CLANG_CXX_LIBRARY = "libc++";
				CLANG_ENABLE_MODULES = YES;
				CLANG_ENABLE_OBJC_ARC = YES;
				CLANG_ENABLE_OBJC_WEAK = YES;
				CLANG_WARN_BLOCK_CAPTURE_AUTORELEASING = YES;
				CLANG_WARN_BOOL_CONVERSION = YES;
				CLANG_WARN_COMMA = YES;
				CLANG_WARN_CONSTANT_CONVERSION = YES;
				CLANG_WARN_DEPRECATED_OBJC_IMPLEMENTATIONS = YES;
				CLANG_WARN_DIRECT_OBJC_ISA_USAGE = YES_ERROR;
				CLANG_WARN_DOCUMENTATION_COMMENTS = YES;
				CLANG_WARN_EMPTY_BODY = YES;
				CLANG_WARN_ENUM_CONVERSION = YES;
				CLANG_WARN_INFINITE_RECURSION = YES;
				CLANG_WARN_INT_CONVERSION = YES;
				CLANG_WARN_NON_LITERAL_NULL_CONVERSION = YES;
				CLANG_WARN_OBJC_IMPLICIT_RETAIN_SELF = YES;
				CLANG_WARN_OBJC_LITERAL_CONVERSION = YES;
				CLANG_WARN_OBJC_ROOT_CLASS = YES_ERROR;
				CLANG_WARN_RANGE_LOOP_ANALYSIS = YES;
				CLANG_WARN_STRICT_PROTOTYPES = YES;
				CLANG_WARN_SUSPICIOUS_MOVE = YES;
				CLANG_WARN_UNGUARDED_AVAILABILITY = YES_AGGRESSIVE;
				CLANG_WARN_UNREACHABLE_CODE = YES;
				CLANG_WARN__DUPLICATE_METHOD_MATCH = YES;
				COPY_PHASE_STRIP = NO;
				DEBUG_INFORMATION_FORMAT = "dwarf-with-dsym";
				ENABLE_NS_ASSERTIONS = NO;
				ENABLE_STRICT_OBJC_MSGSEND = YES;
				GCC_C_LANGUAGE_STANDARD = gnu11;
				GCC_NO_COMMON_BLOCKS = YES;
				GCC_WARN_64_TO_32_BIT_CONVERSION = YES;
				GCC_WARN_ABOUT_RETURN_TYPE = YES_ERROR;
				GCC_WARN_UNDECLARED_SELECTOR = YES;
				GCC_WARN_UNINITIALIZED_AUTOS = YES_AGGRESSIVE;
				GCC_WARN_UNUSED_FUNCTION = YES;
				GCC_WARN_UNUSED_VARIABLE = YES;
				IPHONEOS_DEPLOYMENT_TARGET = 13.5;
				MTL_ENABLE_DEBUG_INFO = NO;
				MTL_FAST_MATH = YES;
				SDKROOT = iphoneos;
				SWIFT_COMPILATION_MODE = wholemodule;
				SWIFT_OPTIMIZATION_LEVEL = "-O";
				VALIDATE_PRODUCT = YES;
			};
			name = Release;
		};
		803248D724D21DF8003E3D25 /* Debug */ = {
			isa = XCBuildConfiguration;
			buildSettings = {
				ASSETCATALOG_COMPILER_APPICON_NAME = AppIcon;
				CODE_SIGN_STYLE = Automatic;
				DEVELOPMENT_TEAM = GW35G8YAPL;
				INFOPLIST_FILE = MapApp/Info.plist;
				LD_RUNPATH_SEARCH_PATHS = (
					"$(inherited)",
					"@executable_path/Frameworks",
				);
				PRODUCT_BUNDLE_IDENTIFIER = edu.uhcl.cse.MapApp;
				PRODUCT_NAME = "$(TARGET_NAME)";
				SWIFT_VERSION = 5.0;
				TARGETED_DEVICE_FAMILY = "1,2";
			};
			name = Debug;
		};
		803248D824D21DF8003E3D25 /* Release */ = {
			isa = XCBuildConfiguration;
			buildSettings = {
				ASSETCATALOG_COMPILER_APPICON_NAME = AppIcon;
				CODE_SIGN_STYLE = Automatic;
				DEVELOPMENT_TEAM = GW35G8YAPL;
				INFOPLIST_FILE = MapApp/Info.plist;
				LD_RUNPATH_SEARCH_PATHS = (
					"$(inherited)",
					"@executable_path/Frameworks",
				);
				PRODUCT_BUNDLE_IDENTIFIER = edu.uhcl.cse.MapApp;
				PRODUCT_NAME = "$(TARGET_NAME)";
				SWIFT_VERSION = 5.0;
				TARGETED_DEVICE_FAMILY = "1,2";
			};
			name = Release;
		};
/* End XCBuildConfiguration section */

/* Begin XCConfigurationList section */
		803248BD24D21DF7003E3D25 /* Build configuration list for PBXProject "MapApp" */ = {
			isa = XCConfigurationList;
			buildConfigurations = (
				803248D424D21DF8003E3D25 /* Debug */,
				803248D524D21DF8003E3D25 /* Release */,
			);
			defaultConfigurationIsVisible = 0;
			defaultConfigurationName = Release;
		};
		803248D624D21DF8003E3D25 /* Build configuration list for PBXNativeTarget "MapApp" */ = {
			isa = XCConfigurationList;
			buildConfigurations = (
				803248D724D21DF8003E3D25 /* Debug */,
				803248D824D21DF8003E3D25 /* Release */,
			);
			defaultConfigurationIsVisible = 0;
			defaultConfigurationName = Release;
		};
/* End XCConfigurationList section */
	};
	rootObject = 803248BA24D21DF7003E3D25 /* Project object */;
}
